
Microsoft Visual Studio Solution File, Format Version 12.00
# Visual Studio Version 16
VisualStudioVersion = 16.0.30717.126
MinimumVisualStudioVersion = 10.0.40219.1
Project("{9A19103F-16F7-4668-BE54-9A1E7A4F7556}") = "ThAmCo.Catalogue", "ThAmCo.Catalogue\ThAmCo.Catalogue.csproj", "{7A5A3518-8045-432F-AB40-D4AC8F2A8684}"
EndProject
Project("{2150E333-8FDC-42A3-9474-1A3956D46DE8}") = "Tests", "Tests", "{4F94386D-0FF8-441C-B1B9-150D0C491587}"
EndProject
Project("{9A19103F-16F7-4668-BE54-9A1E7A4F7556}") = "ThAmCo.Catalogue.ControllerTests", "Tests\ThAmCo.Catalogue.ControllerTests\ThAmCo.Catalogue.ControllerTests.csproj", "{E5E899CC-1C7E-430D-B2F2-527568F51A5A}"
EndProject
Project("{9A19103F-16F7-4668-BE54-9A1E7A4F7556}") = "ThAmCo.Catalogue.ServiceTests", "Tests\ThAmCo.Catalogue.ServiceTests\ThAmCo.Catalogue.ServiceTests.csproj", "{6E6E17C6-44FC-415E-ACDD-F2B9DE40A91C}"
EndProject
Project("{9A19103F-16F7-4668-BE54-9A1E7A4F7556}") = "ThAmCo.Catalogue.RepositoryTests", "Tests\ThAmCo.Catalogue.RepositoryTests\ThAmCo.Catalogue.RepositoryTests.csproj", "{1841F665-D259-419A-AD2B-E503C25D2D63}"
EndProject
Global
	GlobalSection(SolutionConfigurationPlatforms) = preSolution
		Debug|Any CPU = Debug|Any CPU
		Release|Any CPU = Release|Any CPU
	EndGlobalSection
	GlobalSection(ProjectConfigurationPlatforms) = postSolution
		{7A5A3518-8045-432F-AB40-D4AC8F2A8684}.Debug|Any CPU.ActiveCfg = Debug|Any CPU
		{7A5A3518-8045-432F-AB40-D4AC8F2A8684}.Debug|Any CPU.Build.0 = Debug|Any CPU
		{7A5A3518-8045-432F-AB40-D4AC8F2A8684}.Release|Any CPU.ActiveCfg = Release|Any CPU
		{7A5A3518-8045-432F-AB40-D4AC8F2A8684}.Release|Any CPU.Build.0 = Release|Any CPU
		{E5E899CC-1C7E-430D-B2F2-527568F51A5A}.Debug|Any CPU.ActiveCfg = Debug|Any CPU
		{E5E899CC-1C7E-430D-B2F2-527568F51A5A}.Debug|Any CPU.Build.0 = Debug|Any CPU
		{E5E899CC-1C7E-430D-B2F2-527568F51A5A}.Release|Any CPU.ActiveCfg = Release|Any CPU
		{E5E899CC-1C7E-430D-B2F2-527568F51A5A}.Release|Any CPU.Build.0 = Release|Any CPU
		{6E6E17C6-44FC-415E-ACDD-F2B9DE40A91C}.Debug|Any CPU.ActiveCfg = Debug|Any CPU
		{6E6E17C6-44FC-415E-ACDD-F2B9DE40A91C}.Debug|Any CPU.Build.0 = Debug|Any CPU
		{6E6E17C6-44FC-415E-ACDD-F2B9DE40A91C}.Release|Any CPU.ActiveCfg = Release|Any CPU
		{6E6E17C6-44FC-415E-ACDD-F2B9DE40A91C}.Release|Any CPU.Build.0 = Release|Any CPU
		{1841F665-D259-419A-AD2B-E503C25D2D63}.Debug|Any CPU.ActiveCfg = Debug|Any CPU
		{1841F665-D259-419A-AD2B-E503C25D2D63}.Debug|Any CPU.Build.0 = Debug|Any CPU
		{1841F665-D259-419A-AD2B-E503C25D2D63}.Release|Any CPU.ActiveCfg = Release|Any CPU
		{1841F665-D259-419A-AD2B-E503C25D2D63}.Release|Any CPU.Build.0 = Release|Any CPU
	EndGlobalSection
	GlobalSection(SolutionProperties) = preSolution
		HideSolutionNode = FALSE
	EndGlobalSection
	GlobalSection(NestedProjects) = preSolution
		{E5E899CC-1C7E-430D-B2F2-527568F51A5A} = {4F94386D-0FF8-441C-B1B9-150D0C491587}
		{6E6E17C6-44FC-415E-ACDD-F2B9DE40A91C} = {4F94386D-0FF8-441C-B1B9-150D0C491587}
		{1841F665-D259-419A-AD2B-E503C25D2D63} = {4F94386D-0FF8-441C-B1B9-150D0C491587}
	EndGlobalSection
	GlobalSection(ExtensibilityGlobals) = postSolution
		SolutionGuid = {F376FBB7-B91B-4885-9BB3-1511649ECC54}
	EndGlobalSection
EndGlobal
